// !$*UTF8*$!
{
	archiveVersion = 1;
	classes = {
	};
	objectVersion = 56;
	objects = {

/* Begin PBXBuildFile section */
		FD963DAC2C2E09B0006BDE96 /* DetectPremiumApp.swift in Sources */ = {isa = PBXBuildFile; fileRef = FD963DAB2C2E09B0006BDE96 /* DetectPremiumApp.swift */; };
		FD963DAE2C2E09B0006BDE96 /* ContentView.swift in Sources */ = {isa = PBXBuildFile; fileRef = FD963DAD2C2E09B0006BDE96 /* ContentView.swift */; };
		FD963DB02C2E09B1006BDE96 /* Assets.xcassets in Resources */ = {isa = PBXBuildFile; fileRef = FD963DAF2C2E09B1006BDE96 /* Assets.xcassets */; };
		FD963DB32C2E09B1006BDE96 /* Preview Assets.xcassets in Resources */ = {isa = PBXBuildFile; fileRef = FD963DB22C2E09B1006BDE96 /* Preview Assets.xcassets */; };
		FD963DBC2C2E0A13006BDE96 /* CounterViewModel.swift in Sources */ = {isa = PBXBuildFile; fileRef = FD963DBB2C2E0A13006BDE96 /* CounterViewModel.swift */; };
		FD963DBE2C2E0A1B006BDE96 /* Counter.swift in Sources */ = {isa = PBXBuildFile; fileRef = FD963DBD2C2E0A1B006BDE96 /* Counter.swift */; };
		FD963DC02C2E1169006BDE96 /* Text+ForegroundLinearGradient.swift in Sources */ = {isa = PBXBuildFile; fileRef = FD963DBF2C2E1169006BDE96 /* Text+ForegroundLinearGradient.swift */; };
/* End PBXBuildFile section */

/* Begin PBXFileReference section */
		FD963DA82C2E09B0006BDE96 /* DetectPremium.app */ = {isa = PBXFileReference; explicitFileType = wrapper.application; includeInIndex = 0; path = DetectPremium.app; sourceTree = BUILT_PRODUCTS_DIR; };
		FD963DAB2C2E09B0006BDE96 /* DetectPremiumApp.swift */ = {isa = PBXFileReference; lastKnownFileType = sourcecode.swift; path = DetectPremiumApp.swift; sourceTree = "<group>"; };
		FD963DAD2C2E09B0006BDE96 /* ContentView.swift */ = {isa = PBXFileReference; lastKnownFileType = sourcecode.swift; path = ContentView.swift; sourceTree = "<group>"; };
		FD963DAF2C2E09B1006BDE96 /* Assets.xcassets */ = {isa = PBXFileReference; lastKnownFileType = folder.assetcatalog; path = Assets.xcassets; sourceTree = "<group>"; };
		FD963DB22C2E09B1006BDE96 /* Preview Assets.xcassets */ = {isa = PBXFileReference; lastKnownFileType = folder.assetcatalog; path = "Preview Assets.xcassets"; sourceTree = "<group>"; };
		FD963DBB2C2E0A13006BDE96 /* CounterViewModel.swift */ = {isa = PBXFileReference; lastKnownFileType = sourcecode.swift; path = CounterViewModel.swift; sourceTree = "<group>"; };
		FD963DBD2C2E0A1B006BDE96 /* Counter.swift */ = {isa = PBXFileReference; lastKnownFileType = sourcecode.swift; path = Counter.swift; sourceTree = "<group>"; };
		FD963DBF2C2E1169006BDE96 /* Text+ForegroundLinearGradient.swift */ = {isa = PBXFileReference; lastKnownFileType = sourcecode.swift; path = "Text+ForegroundLinearGradient.swift"; sourceTree = "<group>"; };
/* End PBXFileReference section */

/* Begin PBXFrameworksBuildPhase section */
		FD963DA52C2E09B0006BDE96 /* Frameworks */ = {
			isa = PBXFrameworksBuildPhase;
			buildActionMask = 2147483647;
			files = (
			);
			runOnlyForDeploymentPostprocessing = 0;
		};
/* End PBXFrameworksBuildPhase section */

/* Begin PBXGroup section */
		FD963D9F2C2E09B0006BDE96 = {
			isa = PBXGroup;
			children = (
				FD963DAA2C2E09B0006BDE96 /* DetectPremium */,
				FD963DA92C2E09B0006BDE96 /* Products */,
			);
			sourceTree = "<group>";
		};
		FD963DA92C2E09B0006BDE96 /* Products */ = {
			isa = PBXGroup;
			children = (
				FD963DA82C2E09B0006BDE96 /* DetectPremium.app */,
			);
			name = Products;
			sourceTree = "<group>";
		};
		FD963DAA2C2E09B0006BDE96 /* DetectPremium */ = {
			isa = PBXGroup;
			children = (
				FD963DBA2C2E09F9006BDE96 /* ViewModel */,
				FD963DB92C2E09F0006BDE96 /* Model */,
				FD963DAB2C2E09B0006BDE96 /* DetectPremiumApp.swift */,
				FD963DAD2C2E09B0006BDE96 /* ContentView.swift */,
				FD963DAF2C2E09B1006BDE96 /* Assets.xcassets */,
				FD963DB12C2E09B1006BDE96 /* Preview Content */,
				FD963DBF2C2E1169006BDE96 /* Text+ForegroundLinearGradient.swift */,
			);
			path = DetectPremium;
			sourceTree = "<group>";
		};
		FD963DB12C2E09B1006BDE96 /* Preview Content */ = {
			isa = PBXGroup;
			children = (
				FD963DB22C2E09B1006BDE96 /* Preview Assets.xcassets */,
			);
			path = "Preview Content";
			sourceTree = "<group>";
		};
		FD963DB92C2E09F0006BDE96 /* Model */ = {
			isa = PBXGroup;
			children = (
				FD963DBD2C2E0A1B006BDE96 /* Counter.swift */,
			);
			path = Model;
			sourceTree = "<group>";
		};
		FD963DBA2C2E09F9006BDE96 /* ViewModel */ = {
			isa = PBXGroup;
			children = (
				FD963DBB2C2E0A13006BDE96 /* CounterViewModel.swift */,
			);
			path = ViewModel;
			sourceTree = "<group>";
		};
/* End PBXGroup section */

/* Begin PBXNativeTarget section */
		FD963DA72C2E09B0006BDE96 /* DetectPremium */ = {
			isa = PBXNativeTarget;
			buildConfigurationList = FD963DB62C2E09B1006BDE96 /* Build configuration list for PBXNativeTarget "DetectPremium" */;
			buildPhases = (
				FD963DA42C2E09B0006BDE96 /* Sources */,
				FD963DA52C2E09B0006BDE96 /* Frameworks */,
				FD963DA62C2E09B0006BDE96 /* Resources */,
			);
			buildRules = (
			);
			dependencies = (
			);
			name = DetectPremium;
			productName = DetectPremium;
			productReference = FD963DA82C2E09B0006BDE96 /* DetectPremium.app */;
			productType = "com.apple.product-type.application";
		};
/* End PBXNativeTarget section */

/* Begin PBXProject section */
		FD963DA02C2E09B0006BDE96 /* Project object */ = {
			isa = PBXProject;
			attributes = {
				BuildIndependentTargetsInParallel = 1;
				LastSwiftUpdateCheck = 1540;
				LastUpgradeCheck = 1540;
				TargetAttributes = {
					FD963DA72C2E09B0006BDE96 = {
						CreatedOnToolsVersion = 15.4;
					};
				};
			};
			buildConfigurationList = FD963DA32C2E09B0006BDE96 /* Build configuration list for PBXProject "DetectPremium" */;
			compatibilityVersion = "Xcode 14.0";
			developmentRegion = en;
			hasScannedForEncodings = 0;
			knownRegions = (
				en,
				Base,
			);
			mainGroup = FD963D9F2C2E09B0006BDE96;
			productRefGroup = FD963DA92C2E09B0006BDE96 /* Products */;
			projectDirPath = "";
			projectRoot = "";
			targets = (
				FD963DA72C2E09B0006BDE96 /* DetectPremium */,
			);
		};
/* End PBXProject section */

/* Begin PBXResourcesBuildPhase section */
		FD963DA62C2E09B0006BDE96 /* Resources */ = {
			isa = PBXResourcesBuildPhase;
			buildActionMask = 2147483647;
			files = (
				FD963DB32C2E09B1006BDE96 /* Preview Assets.xcassets in Resources */,
				FD963DB02C2E09B1006BDE96 /* Assets.xcassets in Resources */,
			);
			runOnlyForDeploymentPostprocessing = 0;
		};
/* End PBXResourcesBuildPhase section */

/* Begin PBXSourcesBuildPhase section */
		FD963DA42C2E09B0006BDE96 /* Sources */ = {
			isa = PBXSourcesBuildPhase;
			buildActionMask = 2147483647;
			files = (
				FD963DC02C2E1169006BDE96 /* Text+ForegroundLinearGradient.swift in Sources */,
				FD963DBE2C2E0A1B006BDE96 /* Counter.swift in Sources */,
				FD963DAE2C2E09B0006BDE96 /* ContentView.swift in Sources */,
				FD963DAC2C2E09B0006BDE96 /* DetectPremiumApp.swift in Sources */,
				FD963DBC2C2E0A13006BDE96 /* CounterViewModel.swift in Sources */,
			);
			runOnlyForDeploymentPostprocessing = 0;
		};
/* End PBXSourcesBuildPhase section */

/* Begin XCBuildConfiguration section */
		FD963DB42C2E09B1006BDE96 /* Debug */ = {
			isa = XCBuildConfiguration;
			buildSettings = {
				ALWAYS_SEARCH_USER_PATHS = NO;
				ASSETCATALOG_COMPILER_GENERATE_SWIFT_ASSET_SYMBOL_EXTENSIONS = YES;
				CLANG_ANALYZER_NONNULL = YES;
				CLANG_ANALYZER_NUMBER_OBJECT_CONVERSION = YES_AGGRESSIVE;
				CLANG_CXX_LANGUAGE_STANDARD = "gnu++20";
				CLANG_ENABLE_MODULES = YES;
				CLANG_ENABLE_OBJC_ARC = YES;
				CLANG_ENABLE_OBJC_WEAK = YES;
				CLANG_WARN_BLOCK_CAPTURE_AUTORELEASING = YES;
				CLANG_WARN_BOOL_CONVERSION = YES;
				CLANG_WARN_COMMA = YES;
				CLANG_WARN_CONSTANT_CONVERSION = YES;
				CLANG_WARN_DEPRECATED_OBJC_IMPLEMENTATIONS = YES;
				CLANG_WARN_DIRECT_OBJC_ISA_USAGE = YES_ERROR;
				CLANG_WARN_DOCUMENTATION_COMMENTS = YES;
				CLANG_WARN_EMPTY_BODY = YES;
				CLANG_WARN_ENUM_CONVERSION = YES;
				CLANG_WARN_INFINITE_RECURSION = YES;
				CLANG_WARN_INT_CONVERSION = YES;
				CLANG_WARN_NON_LITERAL_NULL_CONVERSION = YES;
				CLANG_WARN_OBJC_IMPLICIT_RETAIN_SELF = YES;
				CLANG_WARN_OBJC_LITERAL_CONVERSION = YES;
				CLANG_WARN_OBJC_ROOT_CLASS = YES_ERROR;
				CLANG_WARN_QUOTED_INCLUDE_IN_FRAMEWORK_HEADER = YES;
				CLANG_WARN_RANGE_LOOP_ANALYSIS = YES;
				CLANG_WARN_STRICT_PROTOTYPES = YES;
				CLANG_WARN_SUSPICIOUS_MOVE = YES;
				CLANG_WARN_UNGUARDED_AVAILABILITY = YES_AGGRESSIVE;
				CLANG_WARN_UNREACHABLE_CODE = YES;
				CLANG_WARN__DUPLICATE_METHOD_MATCH = YES;
				COPY_PHASE_STRIP = NO;
				DEBUG_INFORMATION_FORMAT = dwarf;
				ENABLE_STRICT_OBJC_MSGSEND = YES;
				ENABLE_TESTABILITY = YES;
				ENABLE_USER_SCRIPT_SANDBOXING = YES;
				GCC_C_LANGUAGE_STANDARD = gnu17;
				GCC_DYNAMIC_NO_PIC = NO;
				GCC_NO_COMMON_BLOCKS = YES;
				GCC_OPTIMIZATION_LEVEL = 0;
				GCC_PREPROCESSOR_DEFINITIONS = (
					"DEBUG=1",
					"$(inherited)",
				);
				GCC_WARN_64_TO_32_BIT_CONVERSION = YES;
				GCC_WARN_ABOUT_RETURN_TYPE = YES_ERROR;
				GCC_WARN_UNDECLARED_SELECTOR = YES;
				GCC_WARN_UNINITIALIZED_AUTOS = YES_AGGRESSIVE;
				GCC_WARN_UNUSED_FUNCTION = YES;
				GCC_WARN_UNUSED_VARIABLE = YES;
				IPHONEOS_DEPLOYMENT_TARGET = 17.5;
				LOCALIZATION_PREFERS_STRING_CATALOGS = YES;
				MTL_ENABLE_DEBUG_INFO = INCLUDE_SOURCE;
				MTL_FAST_MATH = YES;
				ONLY_ACTIVE_ARCH = YES;
				SDKROOT = iphoneos;
				SWIFT_ACTIVE_COMPILATION_CONDITIONS = "DEBUG $(inherited)";
				SWIFT_OPTIMIZATION_LEVEL = "-Onone";
			};
			name = Debug;
		};
		FD963DB52C2E09B1006BDE96 /* Release */ = {
			isa = XCBuildConfiguration;
			buildSettings = {
				ALWAYS_SEARCH_USER_PATHS = NO;
				ASSETCATALOG_COMPILER_GENERATE_SWIFT_ASSET_SYMBOL_EXTENSIONS = YES;
				CLANG_ANALYZER_NONNULL = YES;
				CLANG_ANALYZER_NUMBER_OBJECT_CONVERSION = YES_AGGRESSIVE;
				CLANG_CXX_LANGUAGE_STANDARD = "gnu++20";
				CLANG_ENABLE_MODULES = YES;
				CLANG_ENABLE_OBJC_ARC = YES;
				CLANG_ENABLE_OBJC_WEAK = YES;
				CLANG_WARN_BLOCK_CAPTURE_AUTORELEASING = YES;
				CLANG_WARN_BOOL_CONVERSION = YES;
				CLANG_WARN_COMMA = YES;
				CLANG_WARN_CONSTANT_CONVERSION = YES;
				CLANG_WARN_DEPRECATED_OBJC_IMPLEMENTATIONS = YES;
				CLANG_WARN_DIRECT_OBJC_ISA_USAGE = YES_ERROR;
				CLANG_WARN_DOCUMENTATION_COMMENTS = YES;
				CLANG_WARN_EMPTY_BODY = YES;
				CLANG_WARN_ENUM_CONVERSION = YES;
				CLANG_WARN_INFINITE_RECURSION = YES;
				CLANG_WARN_INT_CONVERSION = YES;
				CLANG_WARN_NON_LITERAL_NULL_CONVERSION = YES;
				CLANG_WARN_OBJC_IMPLICIT_RETAIN_SELF = YES;
				CLANG_WARN_OBJC_LITERAL_CONVERSION = YES;
				CLANG_WARN_OBJC_ROOT_CLASS = YES_ERROR;
				CLANG_WARN_QUOTED_INCLUDE_IN_FRAMEWORK_HEADER = YES;
				CLANG_WARN_RANGE_LOOP_ANALYSIS = YES;
				CLANG_WARN_STRICT_PROTOTYPES = YES;
				CLANG_WARN_SUSPICIOUS_MOVE = YES;
				CLANG_WARN_UNGUARDED_AVAILABILITY = YES_AGGRESSIVE;
				CLANG_WARN_UNREACHABLE_CODE = YES;
				CLANG_WARN__DUPLICATE_METHOD_MATCH = YES;
				COPY_PHASE_STRIP = NO;
				DEBUG_INFORMATION_FORMAT = "dwarf-with-dsym";
				ENABLE_NS_ASSERTIONS = NO;
				ENABLE_STRICT_OBJC_MSGSEND = YES;
				ENABLE_USER_SCRIPT_SANDBOXING = YES;
				GCC_C_LANGUAGE_STANDARD = gnu17;
				GCC_NO_COMMON_BLOCKS = YES;
				GCC_WARN_64_TO_32_BIT_CONVERSION = YES;
				GCC_WARN_ABOUT_RETURN_TYPE = YES_ERROR;
				GCC_WARN_UNDECLARED_SELECTOR = YES;
				GCC_WARN_UNINITIALIZED_AUTOS = YES_AGGRESSIVE;
				GCC_WARN_UNUSED_FUNCTION = YES;
				GCC_WARN_UNUSED_VARIABLE = YES;
				IPHONEOS_DEPLOYMENT_TARGET = 17.5;
				LOCALIZATION_PREFERS_STRING_CATALOGS = YES;
				MTL_ENABLE_DEBUG_INFO = NO;
				MTL_FAST_MATH = YES;
				SDKROOT = iphoneos;
				SWIFT_COMPILATION_MODE = wholemodule;
				VALIDATE_PRODUCT = YES;
			};
			name = Release;
		};
		FD963DB72C2E09B1006BDE96 /* Debug */ = {
			isa = XCBuildConfiguration;
			buildSettings = {
				ASSETCATALOG_COMPILER_APPICON_NAME = AppIcon;
				ASSETCATALOG_COMPILER_GLOBAL_ACCENT_COLOR_NAME = AccentColor;
				CODE_SIGN_STYLE = Automatic;
				CURRENT_PROJECT_VERSION = 1;
				DEVELOPMENT_ASSET_PATHS = "\"DetectPremium/Preview Content\"";
				DEVELOPMENT_TEAM = J4PZKW8WXC;
				ENABLE_PREVIEWS = YES;
				GENERATE_INFOPLIST_FILE = YES;
				INFOPLIST_KEY_UIApplicationSceneManifest_Generation = YES;
				INFOPLIST_KEY_UIApplicationSupportsIndirectInputEvents = YES;
				INFOPLIST_KEY_UILaunchScreen_Generation = YES;
				INFOPLIST_KEY_UISupportedInterfaceOrientations_iPad = "UIInterfaceOrientationPortrait UIInterfaceOrientationPortraitUpsideDown UIInterfaceOrientationLandscapeLeft UIInterfaceOrientationLandscapeRight";
				INFOPLIST_KEY_UISupportedInterfaceOrientations_iPhone = "UIInterfaceOrientationPortrait UIInterfaceOrientationLandscapeLeft UIInterfaceOrientationLandscapeRight";
				LD_RUNPATH_SEARCH_PATHS = (
					"$(inherited)",
					"@executable_path/Frameworks",
				);
				MARKETING_VERSION = 1.0;
				PRODUCT_BUNDLE_IDENTIFIER = com.rasika.DetectPremium;
				PRODUCT_NAME = "$(TARGET_NAME)";
				SWIFT_EMIT_LOC_STRINGS = YES;
				SWIFT_VERSION = 5.0;
				TARGETED_DEVICE_FAMILY = "1,2";
			};
			name = Debug;
		};
		FD963DB82C2E09B1006BDE96 /* Release */ = {
			isa = XCBuildConfiguration;
			buildSettings = {
				ASSETCATALOG_COMPILER_APPICON_NAME = AppIcon;
				ASSETCATALOG_COMPILER_GLOBAL_ACCENT_COLOR_NAME = AccentColor;
				CODE_SIGN_STYLE = Automatic;
				CURRENT_PROJECT_VERSION = 1;
				DEVELOPMENT_ASSET_PATHS = "\"DetectPremium/Preview Content\"";
				DEVELOPMENT_TEAM = J4PZKW8WXC;
				ENABLE_PREVIEWS = YES;
				GENERATE_INFOPLIST_FILE = YES;
				INFOPLIST_KEY_UIApplicationSceneManifest_Generation = YES;
				INFOPLIST_KEY_UIApplicationSupportsIndirectInputEvents = YES;
				INFOPLIST_KEY_UILaunchScreen_Generation = YES;
				INFOPLIST_KEY_UISupportedInterfaceOrientations_iPad = "UIInterfaceOrientationPortrait UIInterfaceOrientationPortraitUpsideDown UIInterfaceOrientationLandscapeLeft UIInterfaceOrientationLandscapeRight";
				INFOPLIST_KEY_UISupportedInterfaceOrientations_iPhone = "UIInterfaceOrientationPortrait UIInterfaceOrientationLandscapeLeft UIInterfaceOrientationLandscapeRight";
				LD_RUNPATH_SEARCH_PATHS = (
					"$(inherited)",
					"@executable_path/Frameworks",
				);
				MARKETING_VERSION = 1.0;
				PRODUCT_BUNDLE_IDENTIFIER = com.rasika.DetectPremium;
				PRODUCT_NAME = "$(TARGET_NAME)";
				SWIFT_EMIT_LOC_STRINGS = YES;
				SWIFT_VERSION = 5.0;
				TARGETED_DEVICE_FAMILY = "1,2";
			};
			name = Release;
		};
/* End XCBuildConfiguration section */

/* Begin XCConfigurationList section */
		FD963DA32C2E09B0006BDE96 /* Build configuration list for PBXProject "DetectPremium" */ = {
			isa = XCConfigurationList;
			buildConfigurations = (
				FD963DB42C2E09B1006BDE96 /* Debug */,
				FD963DB52C2E09B1006BDE96 /* Release */,
			);
			defaultConfigurationIsVisible = 0;
			defaultConfigurationName = Release;
		};
		FD963DB62C2E09B1006BDE96 /* Build configuration list for PBXNativeTarget "DetectPremium" */ = {
			isa = XCConfigurationList;
			buildConfigurations = (
				FD963DB72C2E09B1006BDE96 /* Debug */,
				FD963DB82C2E09B1006BDE96 /* Release */,
			);
			defaultConfigurationIsVisible = 0;
			defaultConfigurationName = Release;
		};
/* End XCConfigurationList section */
	};
	rootObject = FD963DA02C2E09B0006BDE96 /* Project object */;
}
